
Microsoft Visual Studio Solution File, Format Version 12.00
# Visual Studio 15
VisualStudioVersion = 15.0.26730.15
MinimumVisualStudioVersion = 10.0.40219.1
Project("{FAE04EC0-301F-11D3-BF4B-00C04F79EFBC}") = "Client", "Client\Client.csproj", "{83E94401-51A3-4254-8AB7-4569C8ECD933}"
EndProject
Project("{FAE04EC0-301F-11D3-BF4B-00C04F79EFBC}") = "ResourceServer", "ResourceServer\ResourceServer.csproj", "{778C715E-0FA5-4DDE-BD4A-714A92310874}"
EndProject
Project("{FAE04EC0-301F-11D3-BF4B-00C04F79EFBC}") = "AuthServer", "AuthServer\AuthServer.csproj", "{513127E4-CCA4-41F4-B73D-710D0CC0A023}"
EndProject
Project("{FAE04EC0-301F-11D3-BF4B-00C04F79EFBC}") = "OAuth", "OAuth\OAuth.csproj", "{57B3851A-F410-42DD-BE26-A7D55CDCDC4F}"
EndProject
Global
	GlobalSection(SolutionConfigurationPlatforms) = preSolution
		Debug|Any CPU = Debug|Any CPU
		Release|Any CPU = Release|Any CPU
	EndGlobalSection
	GlobalSection(ProjectConfigurationPlatforms) = postSolution
		{83E94401-51A3-4254-8AB7-4569C8ECD933}.Debug|Any CPU.ActiveCfg = Debug|Any CPU
		{83E94401-51A3-4254-8AB7-4569C8ECD933}.Debug|Any CPU.Build.0 = Debug|Any CPU
		{83E94401-51A3-4254-8AB7-4569C8ECD933}.Release|Any CPU.ActiveCfg = Release|Any CPU
		{83E94401-51A3-4254-8AB7-4569C8ECD933}.Release|Any CPU.Build.0 = Release|Any CPU
		{778C715E-0FA5-4DDE-BD4A-714A92310874}.Debug|Any CPU.ActiveCfg = Debug|Any CPU
		{778C715E-0FA5-4DDE-BD4A-714A92310874}.Debug|Any CPU.Build.0 = Debug|Any CPU
		{778C715E-0FA5-4DDE-BD4A-714A92310874}.Release|Any CPU.ActiveCfg = Release|Any CPU
		{778C715E-0FA5-4DDE-BD4A-714A92310874}.Release|Any CPU.Build.0 = Release|Any CPU
		{513127E4-CCA4-41F4-B73D-710D0CC0A023}.Debug|Any CPU.ActiveCfg = Debug|Any CPU
		{513127E4-CCA4-41F4-B73D-710D0CC0A023}.Debug|Any CPU.Build.0 = Debug|Any CPU
		{513127E4-CCA4-41F4-B73D-710D0CC0A023}.Release|Any CPU.ActiveCfg = Release|Any CPU
		{513127E4-CCA4-41F4-B73D-710D0CC0A023}.Release|Any CPU.Build.0 = Release|Any CPU
		{57B3851A-F410-42DD-BE26-A7D55CDCDC4F}.Debug|Any CPU.ActiveCfg = Debug|Any CPU
		{57B3851A-F410-42DD-BE26-A7D55CDCDC4F}.Debug|Any CPU.Build.0 = Debug|Any CPU
		{57B3851A-F410-42DD-BE26-A7D55CDCDC4F}.Release|Any CPU.ActiveCfg = Release|Any CPU
		{57B3851A-F410-42DD-BE26-A7D55CDCDC4F}.Release|Any CPU.Build.0 = Release|Any CPU
	EndGlobalSection
	GlobalSection(SolutionProperties) = preSolution
		HideSolutionNode = FALSE
	EndGlobalSection
	GlobalSection(ExtensibilityGlobals) = postSolution
		SolutionGuid = {91E52B9C-7458-45FF-A56E-268B52549E52}
	EndGlobalSection
EndGlobal
