
Microsoft Visual Studio Solution File, Format Version 12.00
# Visual Studio 15
VisualStudioVersion = 15.0.28010.2036
MinimumVisualStudioVersion = 10.0.40219.1
Project("{FAE04EC0-301F-11D3-BF4B-00C04F79EFBC}") = "AuthServerUI", "AuthServerUI\AuthServerUI.csproj", "{EE5FFE2D-31F2-4F17-802E-4F9BE9A3DA53}"
EndProject
Global
	GlobalSection(SolutionConfigurationPlatforms) = preSolution
		Debug|Any CPU = Debug|Any CPU
		Release|Any CPU = Release|Any CPU
	EndGlobalSection
	GlobalSection(ProjectConfigurationPlatforms) = postSolution
		{EE5FFE2D-31F2-4F17-802E-4F9BE9A3DA53}.Debug|Any CPU.ActiveCfg = Debug|Any CPU
		{EE5FFE2D-31F2-4F17-802E-4F9BE9A3DA53}.Debug|Any CPU.Build.0 = Debug|Any CPU
		{EE5FFE2D-31F2-4F17-802E-4F9BE9A3DA53}.Release|Any CPU.ActiveCfg = Release|Any CPU
		{EE5FFE2D-31F2-4F17-802E-4F9BE9A3DA53}.Release|Any CPU.Build.0 = Release|Any CPU
	EndGlobalSection
	GlobalSection(SolutionProperties) = preSolution
		HideSolutionNode = FALSE
	EndGlobalSection
	GlobalSection(ExtensibilityGlobals) = postSolution
		SolutionGuid = {5F4F8174-B454-4775-AB52-5581A446ACA3}
	EndGlobalSection
EndGlobal
